// !$*UTF8*$!
{
	archiveVersion = 1;
	classes = {
	};
	objectVersion = 46;
	objects = {

/* Begin PBXBuildFile section */
		5554E0E519F248CB009D5AB9 /* main.m in Sources */ = {isa = PBXBuildFile; fileRef = 5554E0E419F248CB009D5AB9 /* main.m */; };
		5554E0E819F248CB009D5AB9 /* AppDelegate.m in Sources */ = {isa = PBXBuildFile; fileRef = 5554E0E719F248CB009D5AB9 /* AppDelegate.m */; };
		5554E0EB19F248CB009D5AB9 /* ViewController.m in Sources */ = {isa = PBXBuildFile; fileRef = 5554E0EA19F248CB009D5AB9 /* ViewController.m */; };
		5554E0EE19F248CB009D5AB9 /* Main.storyboard in Resources */ = {isa = PBXBuildFile; fileRef = 5554E0EC19F248CB009D5AB9 /* Main.storyboard */; };
		5554E0F019F248CB009D5AB9 /* Images.xcassets in Resources */ = {isa = PBXBuildFile; fileRef = 5554E0EF19F248CB009D5AB9 /* Images.xcassets */; };
		5554E0F319F248CB009D5AB9 /* LaunchScreen.xib in Resources */ = {isa = PBXBuildFile; fileRef = 5554E0F119F248CB009D5AB9 /* LaunchScreen.xib */; };
		5554E0FF19F248CB009D5AB9 /* SEImage_CategoryTests.m in Sources */ = {isa = PBXBuildFile; fileRef = 5554E0FE19F248CB009D5AB9 /* SEImage_CategoryTests.m */; };
		559DF91E1AC1FF68006274C1 /* UIImage+Superellipse.m in Sources */ = {isa = PBXBuildFile; fileRef = 559DF91D1AC1FF68006274C1 /* UIImage+Superellipse.m */; };
/* End PBXBuildFile section */

/* Begin PBXContainerItemProxy section */
		5554E0F919F248CB009D5AB9 /* PBXContainerItemProxy */ = {
			isa = PBXContainerItemProxy;
			containerPortal = 5554E0D719F248CB009D5AB9 /* Project object */;
			proxyType = 1;
			remoteGlobalIDString = 5554E0DE19F248CB009D5AB9;
			remoteInfo = "SEImage Category";
		};
/* End PBXContainerItemProxy section */

/* Begin PBXFileReference section */
		5554E0DF19F248CB009D5AB9 /* SEImage Category.app */ = {isa = PBXFileReference; explicitFileType = wrapper.application; includeInIndex = 0; path = "SEImage Category.app"; sourceTree = BUILT_PRODUCTS_DIR; };
		5554E0E319F248CB009D5AB9 /* Info.plist */ = {isa = PBXFileReference; lastKnownFileType = text.plist.xml; path = Info.plist; sourceTree = "<group>"; };
		5554E0E419F248CB009D5AB9 /* main.m */ = {isa = PBXFileReference; lastKnownFileType = sourcecode.c.objc; path = main.m; sourceTree = "<group>"; };
		5554E0E619F248CB009D5AB9 /* AppDelegate.h */ = {isa = PBXFileReference; lastKnownFileType = sourcecode.c.h; path = AppDelegate.h; sourceTree = "<group>"; };
		5554E0E719F248CB009D5AB9 /* AppDelegate.m */ = {isa = PBXFileReference; lastKnownFileType = sourcecode.c.objc; path = AppDelegate.m; sourceTree = "<group>"; };
		5554E0E919F248CB009D5AB9 /* ViewController.h */ = {isa = PBXFileReference; lastKnownFileType = sourcecode.c.h; path = ViewController.h; sourceTree = "<group>"; };
		5554E0EA19F248CB009D5AB9 /* ViewController.m */ = {isa = PBXFileReference; lastKnownFileType = sourcecode.c.objc; path = ViewController.m; sourceTree = "<group>"; };
		5554E0ED19F248CB009D5AB9 /* Base */ = {isa = PBXFileReference; lastKnownFileType = file.storyboard; name = Base; path = Base.lproj/Main.storyboard; sourceTree = "<group>"; };
		5554E0EF19F248CB009D5AB9 /* Images.xcassets */ = {isa = PBXFileReference; lastKnownFileType = folder.assetcatalog; path = Images.xcassets; sourceTree = "<group>"; };
		5554E0F219F248CB009D5AB9 /* Base */ = {isa = PBXFileReference; lastKnownFileType = file.xib; name = Base; path = Base.lproj/LaunchScreen.xib; sourceTree = "<group>"; };
		5554E0F819F248CB009D5AB9 /* SEImage CategoryTests.xctest */ = {isa = PBXFileReference; explicitFileType = wrapper.cfbundle; includeInIndex = 0; path = "SEImage CategoryTests.xctest"; sourceTree = BUILT_PRODUCTS_DIR; };
		5554E0FD19F248CB009D5AB9 /* Info.plist */ = {isa = PBXFileReference; lastKnownFileType = text.plist.xml; path = Info.plist; sourceTree = "<group>"; };
		5554E0FE19F248CB009D5AB9 /* SEImage_CategoryTests.m */ = {isa = PBXFileReference; lastKnownFileType = sourcecode.c.objc; path = SEImage_CategoryTests.m; sourceTree = "<group>"; };
		559DF91C1AC1FF68006274C1 /* UIImage+Superellipse.h */ = {isa = PBXFileReference; fileEncoding = 4; lastKnownFileType = sourcecode.c.h; path = "UIImage+Superellipse.h"; sourceTree = "<group>"; };
		559DF91D1AC1FF68006274C1 /* UIImage+Superellipse.m */ = {isa = PBXFileReference; fileEncoding = 4; lastKnownFileType = sourcecode.c.objc; path = "UIImage+Superellipse.m"; sourceTree = "<group>"; };
/* End PBXFileReference section */

/* Begin PBXFrameworksBuildPhase section */
		5554E0DC19F248CB009D5AB9 /* Frameworks */ = {
			isa = PBXFrameworksBuildPhase;
			buildActionMask = 2147483647;
			files = (
			);
			runOnlyForDeploymentPostprocessing = 0;
		};
		5554E0F519F248CB009D5AB9 /* Frameworks */ = {
			isa = PBXFrameworksBuildPhase;
			buildActionMask = 2147483647;
			files = (
			);
			runOnlyForDeploymentPostprocessing = 0;
		};
/* End PBXFrameworksBuildPhase section */

/* Begin PBXGroup section */
		5554E0D619F248CB009D5AB9 = {
			isa = PBXGroup;
			children = (
				5554E0E119F248CB009D5AB9 /* SEImage Category */,
				5554E0FB19F248CB009D5AB9 /* SEImage CategoryTests */,
				5554E0E019F248CB009D5AB9 /* Products */,
			);
			sourceTree = "<group>";
		};
		5554E0E019F248CB009D5AB9 /* Products */ = {
			isa = PBXGroup;
			children = (
				5554E0DF19F248CB009D5AB9 /* SEImage Category.app */,
				5554E0F819F248CB009D5AB9 /* SEImage CategoryTests.xctest */,
			);
			name = Products;
			sourceTree = "<group>";
		};
		5554E0E119F248CB009D5AB9 /* SEImage Category */ = {
			isa = PBXGroup;
			children = (
				5554E0E619F248CB009D5AB9 /* AppDelegate.h */,
				5554E0E719F248CB009D5AB9 /* AppDelegate.m */,
				5554E0E919F248CB009D5AB9 /* ViewController.h */,
				5554E0EA19F248CB009D5AB9 /* ViewController.m */,
				559DF91C1AC1FF68006274C1 /* UIImage+Superellipse.h */,
				559DF91D1AC1FF68006274C1 /* UIImage+Superellipse.m */,
				5554E0EC19F248CB009D5AB9 /* Main.storyboard */,
				5554E0EF19F248CB009D5AB9 /* Images.xcassets */,
				5554E0F119F248CB009D5AB9 /* LaunchScreen.xib */,
				5554E0E219F248CB009D5AB9 /* Supporting Files */,
			);
			path = "SEImage Category";
			sourceTree = "<group>";
		};
		5554E0E219F248CB009D5AB9 /* Supporting Files */ = {
			isa = PBXGroup;
			children = (
				5554E0E319F248CB009D5AB9 /* Info.plist */,
				5554E0E419F248CB009D5AB9 /* main.m */,
			);
			name = "Supporting Files";
			sourceTree = "<group>";
		};
		5554E0FB19F248CB009D5AB9 /* SEImage CategoryTests */ = {
			isa = PBXGroup;
			children = (
				5554E0FE19F248CB009D5AB9 /* SEImage_CategoryTests.m */,
				5554E0FC19F248CB009D5AB9 /* Supporting Files */,
			);
			path = "SEImage CategoryTests";
			sourceTree = "<group>";
		};
		5554E0FC19F248CB009D5AB9 /* Supporting Files */ = {
			isa = PBXGroup;
			children = (
				5554E0FD19F248CB009D5AB9 /* Info.plist */,
			);
			name = "Supporting Files";
			sourceTree = "<group>";
		};
/* End PBXGroup section */

/* Begin PBXNativeTarget section */
		5554E0DE19F248CB009D5AB9 /* SEImage Category */ = {
			isa = PBXNativeTarget;
			buildConfigurationList = 5554E10219F248CB009D5AB9 /* Build configuration list for PBXNativeTarget "SEImage Category" */;
			buildPhases = (
				5554E0DB19F248CB009D5AB9 /* Sources */,
				5554E0DC19F248CB009D5AB9 /* Frameworks */,
				5554E0DD19F248CB009D5AB9 /* Resources */,
			);
			buildRules = (
			);
			dependencies = (
			);
			name = "SEImage Category";
			productName = "SEImage Category";
			productReference = 5554E0DF19F248CB009D5AB9 /* SEImage Category.app */;
			productType = "com.apple.product-type.application";
		};
		5554E0F719F248CB009D5AB9 /* SEImage CategoryTests */ = {
			isa = PBXNativeTarget;
			buildConfigurationList = 5554E10519F248CB009D5AB9 /* Build configuration list for PBXNativeTarget "SEImage CategoryTests" */;
			buildPhases = (
				5554E0F419F248CB009D5AB9 /* Sources */,
				5554E0F519F248CB009D5AB9 /* Frameworks */,
				5554E0F619F248CB009D5AB9 /* Resources */,
			);
			buildRules = (
			);
			dependencies = (
				5554E0FA19F248CB009D5AB9 /* PBXTargetDependency */,
			);
			name = "SEImage CategoryTests";
			productName = "SEImage CategoryTests";
			productReference = 5554E0F819F248CB009D5AB9 /* SEImage CategoryTests.xctest */;
			productType = "com.apple.product-type.bundle.unit-test";
		};
/* End PBXNativeTarget section */

/* Begin PBXProject section */
		5554E0D719F248CB009D5AB9 /* Project object */ = {
			isa = PBXProject;
			attributes = {
				LastUpgradeCheck = 0600;
				ORGANIZATIONNAME = "Colin Campbell";
				TargetAttributes = {
					5554E0DE19F248CB009D5AB9 = {
						CreatedOnToolsVersion = 6.0.1;
					};
					5554E0F719F248CB009D5AB9 = {
						CreatedOnToolsVersion = 6.0.1;
						TestTargetID = 5554E0DE19F248CB009D5AB9;
					};
				};
			};
			buildConfigurationList = 5554E0DA19F248CB009D5AB9 /* Build configuration list for PBXProject "SEImage Category" */;
			compatibilityVersion = "Xcode 3.2";
			developmentRegion = English;
			hasScannedForEncodings = 0;
			knownRegions = (
				en,
				Base,
			);
			mainGroup = 5554E0D619F248CB009D5AB9;
			productRefGroup = 5554E0E019F248CB009D5AB9 /* Products */;
			projectDirPath = "";
			projectRoot = "";
			targets = (
				5554E0DE19F248CB009D5AB9 /* SEImage Category */,
				5554E0F719F248CB009D5AB9 /* SEImage CategoryTests */,
			);
		};
/* End PBXProject section */

/* Begin PBXResourcesBuildPhase section */
		5554E0DD19F248CB009D5AB9 /* Resources */ = {
			isa = PBXResourcesBuildPhase;
			buildActionMask = 2147483647;
			files = (
				5554E0EE19F248CB009D5AB9 /* Main.storyboard in Resources */,
				5554E0F319F248CB009D5AB9 /* LaunchScreen.xib in Resources */,
				5554E0F019F248CB009D5AB9 /* Images.xcassets in Resources */,
			);
			runOnlyForDeploymentPostprocessing = 0;
		};
		5554E0F619F248CB009D5AB9 /* Resources */ = {
			isa = PBXResourcesBuildPhase;
			buildActionMask = 2147483647;
			files = (
			);
			runOnlyForDeploymentPostprocessing = 0;
		};
/* End PBXResourcesBuildPhase section */

/* Begin PBXSourcesBuildPhase section */
		5554E0DB19F248CB009D5AB9 /* Sources */ = {
			isa = PBXSourcesBuildPhase;
			buildActionMask = 2147483647;
			files = (
				5554E0EB19F248CB009D5AB9 /* ViewController.m in Sources */,
				5554E0E819F248CB009D5AB9 /* AppDelegate.m in Sources */,
				559DF91E1AC1FF68006274C1 /* UIImage+Superellipse.m in Sources */,
				5554E0E519F248CB009D5AB9 /* main.m in Sources */,
			);
			runOnlyForDeploymentPostprocessing = 0;
		};
		5554E0F419F248CB009D5AB9 /* Sources */ = {
			isa = PBXSourcesBuildPhase;
			buildActionMask = 2147483647;
			files = (
				5554E0FF19F248CB009D5AB9 /* SEImage_CategoryTests.m in Sources */,
			);
			runOnlyForDeploymentPostprocessing = 0;
		};
/* End PBXSourcesBuildPhase section */

/* Begin PBXTargetDependency section */
		5554E0FA19F248CB009D5AB9 /* PBXTargetDependency */ = {
			isa = PBXTargetDependency;
			target = 5554E0DE19F248CB009D5AB9 /* SEImage Category */;
			targetProxy = 5554E0F919F248CB009D5AB9 /* PBXContainerItemProxy */;
		};
/* End PBXTargetDependency section */

/* Begin PBXVariantGroup section */
		5554E0EC19F248CB009D5AB9 /* Main.storyboard */ = {
			isa = PBXVariantGroup;
			children = (
				5554E0ED19F248CB009D5AB9 /* Base */,
			);
			name = Main.storyboard;
			sourceTree = "<group>";
		};
		5554E0F119F248CB009D5AB9 /* LaunchScreen.xib */ = {
			isa = PBXVariantGroup;
			children = (
				5554E0F219F248CB009D5AB9 /* Base */,
			);
			name = LaunchScreen.xib;
			sourceTree = "<group>";
		};
/* End PBXVariantGroup section */

/* Begin XCBuildConfiguration section */
		5554E10019F248CB009D5AB9 /* Debug */ = {
			isa = XCBuildConfiguration;
			buildSettings = {
				ALWAYS_SEARCH_USER_PATHS = NO;
				CLANG_CXX_LANGUAGE_STANDARD = "gnu++0x";
				CLANG_CXX_LIBRARY = "libc++";
				CLANG_ENABLE_MODULES = YES;
				CLANG_ENABLE_OBJC_ARC = YES;
				CLANG_WARN_BOOL_CONVERSION = YES;
				CLANG_WARN_CONSTANT_CONVERSION = YES;
				CLANG_WARN_DIRECT_OBJC_ISA_USAGE = YES_ERROR;
				CLANG_WARN_EMPTY_BODY = YES;
				CLANG_WARN_ENUM_CONVERSION = YES;
				CLANG_WARN_INT_CONVERSION = YES;
				CLANG_WARN_OBJC_ROOT_CLASS = YES_ERROR;
				CLANG_WARN_UNREACHABLE_CODE = YES;
				CLANG_WARN__DUPLICATE_METHOD_MATCH = YES;
				"CODE_SIGN_IDENTITY[sdk=iphoneos*]" = "iPhone Developer";
				COPY_PHASE_STRIP = NO;
				ENABLE_STRICT_OBJC_MSGSEND = YES;
				GCC_C_LANGUAGE_STANDARD = gnu99;
				GCC_DYNAMIC_NO_PIC = NO;
				GCC_OPTIMIZATION_LEVEL = 0;
				GCC_PREPROCESSOR_DEFINITIONS = (
					"DEBUG=1",
					"$(inherited)",
				);
				GCC_SYMBOLS_PRIVATE_EXTERN = NO;
				GCC_WARN_64_TO_32_BIT_CONVERSION = YES;
				GCC_WARN_ABOUT_RETURN_TYPE = YES_ERROR;
				GCC_WARN_UNDECLARED_SELECTOR = YES;
				GCC_WARN_UNINITIALIZED_AUTOS = YES_AGGRESSIVE;
				GCC_WARN_UNUSED_FUNCTION = YES;
				GCC_WARN_UNUSED_VARIABLE = YES;
				IPHONEOS_DEPLOYMENT_TARGET = 8.0;
				MTL_ENABLE_DEBUG_INFO = YES;
				ONLY_ACTIVE_ARCH = YES;
				SDKROOT = iphoneos;
				TARGETED_DEVICE_FAMILY = "1,2";
			};
			name = Debug;
		};
		5554E10119F248CB009D5AB9 /* Release */ = {
			isa = XCBuildConfiguration;
			buildSettings = {
				ALWAYS_SEARCH_USER_PATHS = NO;
				CLANG_CXX_LANGUAGE_STANDARD = "gnu++0x";
				CLANG_CXX_LIBRARY = "libc++";
				CLANG_ENABLE_MODULES = YES;
				CLANG_ENABLE_OBJC_ARC = YES;
				CLANG_WARN_BOOL_CONVERSION = YES;
				CLANG_WARN_CONSTANT_CONVERSION = YES;
				CLANG_WARN_DIRECT_OBJC_ISA_USAGE = YES_ERROR;
				CLANG_WARN_EMPTY_BODY = YES;
				CLANG_WARN_ENUM_CONVERSION = YES;
				CLANG_WARN_INT_CONVERSION = YES;
				CLANG_WARN_OBJC_ROOT_CLASS = YES_ERROR;
				CLANG_WARN_UNREACHABLE_CODE = YES;
				CLANG_WARN__DUPLICATE_METHOD_MATCH = YES;
				"CODE_SIGN_IDENTITY[sdk=iphoneos*]" = "iPhone Developer";
				COPY_PHASE_STRIP = YES;
				ENABLE_NS_ASSERTIONS = NO;
				ENABLE_STRICT_OBJC_MSGSEND = YES;
				GCC_C_LANGUAGE_STANDARD = gnu99;
				GCC_WARN_64_TO_32_BIT_CONVERSION = YES;
				GCC_WARN_ABOUT_RETURN_TYPE = YES_ERROR;
				GCC_WARN_UNDECLARED_SELECTOR = YES;
				GCC_WARN_UNINITIALIZED_AUTOS = YES_AGGRESSIVE;
				GCC_WARN_UNUSED_FUNCTION = YES;
				GCC_WARN_UNUSED_VARIABLE = YES;
				IPHONEOS_DEPLOYMENT_TARGET = 8.0;
				MTL_ENABLE_DEBUG_INFO = NO;
				SDKROOT = iphoneos;
				TARGETED_DEVICE_FAMILY = "1,2";
				VALIDATE_PRODUCT = YES;
			};
			name = Release;
		};
		5554E10319F248CB009D5AB9 /* Debug */ = {
			isa = XCBuildConfiguration;
			buildSettings = {
				ASSETCATALOG_COMPILER_APPICON_NAME = AppIcon;
				INFOPLIST_FILE = "SEImage Category/Info.plist";
				LD_RUNPATH_SEARCH_PATHS = "$(inherited) @executable_path/Frameworks";
				PRODUCT_NAME = "$(TARGET_NAME)";
			};
			name = Debug;
		};
		5554E10419F248CB009D5AB9 /* Release */ = {
			isa = XCBuildConfiguration;
			buildSettings = {
				ASSETCATALOG_COMPILER_APPICON_NAME = AppIcon;
				INFOPLIST_FILE = "SEImage Category/Info.plist";
				LD_RUNPATH_SEARCH_PATHS = "$(inherited) @executable_path/Frameworks";
				PRODUCT_NAME = "$(TARGET_NAME)";
			};
			name = Release;
		};
		5554E10619F248CB009D5AB9 /* Debug */ = {
			isa = XCBuildConfiguration;
			buildSettings = {
				BUNDLE_LOADER = "$(TEST_HOST)";
				FRAMEWORK_SEARCH_PATHS = (
					"$(SDKROOT)/Developer/Library/Frameworks",
					"$(inherited)",
				);
				GCC_PREPROCESSOR_DEFINITIONS = (
					"DEBUG=1",
					"$(inherited)",
				);
				INFOPLIST_FILE = "SEImage CategoryTests/Info.plist";
				LD_RUNPATH_SEARCH_PATHS = "$(inherited) @executable_path/Frameworks @loader_path/Frameworks";
				PRODUCT_NAME = "$(TARGET_NAME)";
				TEST_HOST = "$(BUILT_PRODUCTS_DIR)/SEImage Category.app/SEImage Category";
			};
			name = Debug;
		};
		5554E10719F248CB009D5AB9 /* Release */ = {
			isa = XCBuildConfiguration;
			buildSettings = {
				BUNDLE_LOADER = "$(TEST_HOST)";
				FRAMEWORK_SEARCH_PATHS = (
					"$(SDKROOT)/Developer/Library/Frameworks",
					"$(inherited)",
				);
				INFOPLIST_FILE = "SEImage CategoryTests/Info.plist";
				LD_RUNPATH_SEARCH_PATHS = "$(inherited) @executable_path/Frameworks @loader_path/Frameworks";
				PRODUCT_NAME = "$(TARGET_NAME)";
				TEST_HOST = "$(BUILT_PRODUCTS_DIR)/SEImage Category.app/SEImage Category";
			};
			name = Release;
		};
/* End XCBuildConfiguration section */

/* Begin XCConfigurationList section */
		5554E0DA19F248CB009D5AB9 /* Build configuration list for PBXProject "SEImage Category" */ = {
			isa = XCConfigurationList;
			buildConfigurations = (
				5554E10019F248CB009D5AB9 /* Debug */,
				5554E10119F248CB009D5AB9 /* Release */,
			);
			defaultConfigurationIsVisible = 0;
			defaultConfigurationName = Release;
		};
		5554E10219F248CB009D5AB9 /* Build configuration list for PBXNativeTarget "SEImage Category" */ = {
			isa = XCConfigurationList;
			buildConfigurations = (
				5554E10319F248CB009D5AB9 /* Debug */,
				5554E10419F248CB009D5AB9 /* Release */,
			);
			defaultConfigurationIsVisible = 0;
			defaultConfigurationName = Release;
		};
		5554E10519F248CB009D5AB9 /* Build configuration list for PBXNativeTarget "SEImage CategoryTests" */ = {
			isa = XCConfigurationList;
			buildConfigurations = (
				5554E10619F248CB009D5AB9 /* Debug */,
				5554E10719F248CB009D5AB9 /* Release */,
			);
			defaultConfigurationIsVisible = 0;
			defaultConfigurationName = Release;
		};
/* End XCConfigurationList section */
	};
	rootObject = 5554E0D719F248CB009D5AB9 /* Project object */;
}
